// !$*UTF8*$!
{
	archiveVersion = 1;
	classes = {
	};
	objectVersion = 48;
	objects = {

/* Begin PBXBuildFile section */
		71071D38202CE5030022FBA7 /* AppDelegate.swift in Sources */ = {isa = PBXBuildFile; fileRef = 71071D37202CE5030022FBA7 /* AppDelegate.swift */; };
		71071D3F202CE5030022FBA7 /* Assets.xcassets in Resources */ = {isa = PBXBuildFile; fileRef = 71071D3E202CE5030022FBA7 /* Assets.xcassets */; };
		71071D42202CE5030022FBA7 /* LaunchScreen.storyboard in Resources */ = {isa = PBXBuildFile; fileRef = 71071D40202CE5030022FBA7 /* LaunchScreen.storyboard */; };
		71071D4D202CE5030022FBA7 /* WesterosTests.swift in Sources */ = {isa = PBXBuildFile; fileRef = 71071D4C202CE5030022FBA7 /* WesterosTests.swift */; };
		71071D58202CF04F0022FBA7 /* HouseTests.swift in Sources */ = {isa = PBXBuildFile; fileRef = 71071D57202CF04F0022FBA7 /* HouseTests.swift */; };
		71071D5A202CF1F30022FBA7 /* House.swift in Sources */ = {isa = PBXBuildFile; fileRef = 71071D59202CF1F30022FBA7 /* House.swift */; };
		714100382041B09600C61945 /* SessionTests.swift in Sources */ = {isa = PBXBuildFile; fileRef = 714100372041B09600C61945 /* SessionTests.swift */; };
		716260C1203835AC005E52FA /* HouseListViewController.swift in Sources */ = {isa = PBXBuildFile; fileRef = 716260BF203835AC005E52FA /* HouseListViewController.swift */; };
		716260C2203835AC005E52FA /* HouseListViewController.xib in Resources */ = {isa = PBXBuildFile; fileRef = 716260C0203835AC005E52FA /* HouseListViewController.xib */; };
		7173091620337CB900893662 /* UIViewController+Additions.swift in Sources */ = {isa = PBXBuildFile; fileRef = 7173091520337CB900893662 /* UIViewController+Additions.swift */; };
		71730918203380A200893662 /* RepositoryTest.swift in Sources */ = {isa = PBXBuildFile; fileRef = 71730917203380A200893662 /* RepositoryTest.swift */; };
		7173091A2033817100893662 /* Repository.swift in Sources */ = {isa = PBXBuildFile; fileRef = 717309192033817100893662 /* Repository.swift */; };
		71767935203238B40076445D /* lannister.jpg in Resources */ = {isa = PBXBuildFile; fileRef = 71767932203238B30076445D /* lannister.jpg */; };
		71767936203238B40076445D /* targaryenSmall.jpg in Resources */ = {isa = PBXBuildFile; fileRef = 71767933203238B30076445D /* targaryenSmall.jpg */; };
		71767937203238B40076445D /* codeIsComing.png in Resources */ = {isa = PBXBuildFile; fileRef = 71767934203238B30076445D /* codeIsComing.png */; };
		7176793B20323A870076445D /* HouseDetailViewController.swift in Sources */ = {isa = PBXBuildFile; fileRef = 7176793920323A870076445D /* HouseDetailViewController.swift */; };
		7176793C20323A870076445D /* HouseDetailViewController.xib in Resources */ = {isa = PBXBuildFile; fileRef = 7176793A20323A870076445D /* HouseDetailViewController.xib */; };
		71952595202F0D1700C9A91D /* PersonTest.swift in Sources */ = {isa = PBXBuildFile; fileRef = 71952594202F0D1700C9A91D /* PersonTest.swift */; };
		71952597202F0DCA00C9A91D /* Person.swift in Sources */ = {isa = PBXBuildFile; fileRef = 71952596202F0DCA00C9A91D /* Person.swift */; };
		71A39505203B626B0038672D /* MemberListViewController.swift in Sources */ = {isa = PBXBuildFile; fileRef = 71A39503203B626B0038672D /* MemberListViewController.swift */; };
		71A39506203B626B0038672D /* MemberListViewController.xib in Resources */ = {isa = PBXBuildFile; fileRef = 71A39504203B626B0038672D /* MemberListViewController.xib */; };
		71F01E6D20362B8D0091CCF2 /* WikiViewController.swift in Sources */ = {isa = PBXBuildFile; fileRef = 71F01E6B20362B8D0091CCF2 /* WikiViewController.swift */; };
		71F01E6E20362B8D0091CCF2 /* WikiViewController.xib in Resources */ = {isa = PBXBuildFile; fileRef = 71F01E6C20362B8D0091CCF2 /* WikiViewController.xib */; };
/* End PBXBuildFile section */

/* Begin PBXContainerItemProxy section */
		71071D49202CE5030022FBA7 /* PBXContainerItemProxy */ = {
			isa = PBXContainerItemProxy;
			containerPortal = 71071D2C202CE5030022FBA7 /* Project object */;
			proxyType = 1;
			remoteGlobalIDString = 71071D33202CE5030022FBA7;
			remoteInfo = Westeros;
		};
/* End PBXContainerItemProxy section */

/* Begin PBXFileReference section */
		71071D34202CE5030022FBA7 /* Westeros.app */ = {isa = PBXFileReference; explicitFileType = wrapper.application; includeInIndex = 0; path = Westeros.app; sourceTree = BUILT_PRODUCTS_DIR; };
		71071D37202CE5030022FBA7 /* AppDelegate.swift */ = {isa = PBXFileReference; lastKnownFileType = sourcecode.swift; path = AppDelegate.swift; sourceTree = "<group>"; };
		71071D3E202CE5030022FBA7 /* Assets.xcassets */ = {isa = PBXFileReference; lastKnownFileType = folder.assetcatalog; path = Assets.xcassets; sourceTree = "<group>"; };
		71071D41202CE5030022FBA7 /* Base */ = {isa = PBXFileReference; lastKnownFileType = file.storyboard; name = Base; path = Base.lproj/LaunchScreen.storyboard; sourceTree = "<group>"; };
		71071D43202CE5030022FBA7 /* Info.plist */ = {isa = PBXFileReference; lastKnownFileType = text.plist.xml; path = Info.plist; sourceTree = "<group>"; };
		71071D48202CE5030022FBA7 /* WesterosTests.xctest */ = {isa = PBXFileReference; explicitFileType = wrapper.cfbundle; includeInIndex = 0; path = WesterosTests.xctest; sourceTree = BUILT_PRODUCTS_DIR; };
		71071D4C202CE5030022FBA7 /* WesterosTests.swift */ = {isa = PBXFileReference; lastKnownFileType = sourcecode.swift; path = WesterosTests.swift; sourceTree = "<group>"; };
		71071D4E202CE5030022FBA7 /* Info.plist */ = {isa = PBXFileReference; lastKnownFileType = text.plist.xml; path = Info.plist; sourceTree = "<group>"; };
		71071D57202CF04F0022FBA7 /* HouseTests.swift */ = {isa = PBXFileReference; lastKnownFileType = sourcecode.swift; path = HouseTests.swift; sourceTree = "<group>"; };
		71071D59202CF1F30022FBA7 /* House.swift */ = {isa = PBXFileReference; lastKnownFileType = sourcecode.swift; path = House.swift; sourceTree = "<group>"; };
		714100372041B09600C61945 /* SessionTests.swift */ = {isa = PBXFileReference; lastKnownFileType = sourcecode.swift; path = SessionTests.swift; sourceTree = "<group>"; };
		716260BF203835AC005E52FA /* HouseListViewController.swift */ = {isa = PBXFileReference; lastKnownFileType = sourcecode.swift; path = HouseListViewController.swift; sourceTree = "<group>"; };
		716260C0203835AC005E52FA /* HouseListViewController.xib */ = {isa = PBXFileReference; lastKnownFileType = file.xib; path = HouseListViewController.xib; sourceTree = "<group>"; };
		7173091520337CB900893662 /* UIViewController+Additions.swift */ = {isa = PBXFileReference; lastKnownFileType = sourcecode.swift; path = "UIViewController+Additions.swift"; sourceTree = "<group>"; };
		71730917203380A200893662 /* RepositoryTest.swift */ = {isa = PBXFileReference; lastKnownFileType = sourcecode.swift; path = RepositoryTest.swift; sourceTree = "<group>"; };
		717309192033817100893662 /* Repository.swift */ = {isa = PBXFileReference; lastKnownFileType = sourcecode.swift; path = Repository.swift; sourceTree = "<group>"; };
		71767932203238B30076445D /* lannister.jpg */ = {isa = PBXFileReference; lastKnownFileType = image.jpeg; path = lannister.jpg; sourceTree = "<group>"; };
		71767933203238B30076445D /* targaryenSmall.jpg */ = {isa = PBXFileReference; lastKnownFileType = image.jpeg; path = targaryenSmall.jpg; sourceTree = "<group>"; };
		71767934203238B30076445D /* codeIsComing.png */ = {isa = PBXFileReference; lastKnownFileType = image.png; path = codeIsComing.png; sourceTree = "<group>"; };
		7176793920323A870076445D /* HouseDetailViewController.swift */ = {isa = PBXFileReference; lastKnownFileType = sourcecode.swift; path = HouseDetailViewController.swift; sourceTree = "<group>"; };
		7176793A20323A870076445D /* HouseDetailViewController.xib */ = {isa = PBXFileReference; lastKnownFileType = file.xib; path = HouseDetailViewController.xib; sourceTree = "<group>"; };
		71952594202F0D1700C9A91D /* PersonTest.swift */ = {isa = PBXFileReference; lastKnownFileType = sourcecode.swift; path = PersonTest.swift; sourceTree = "<group>"; };
		71952596202F0DCA00C9A91D /* Person.swift */ = {isa = PBXFileReference; lastKnownFileType = sourcecode.swift; path = Person.swift; sourceTree = "<group>"; };
		71A39503203B626B0038672D /* MemberListViewController.swift */ = {isa = PBXFileReference; lastKnownFileType = sourcecode.swift; path = MemberListViewController.swift; sourceTree = "<group>"; };
		71A39504203B626B0038672D /* MemberListViewController.xib */ = {isa = PBXFileReference; lastKnownFileType = file.xib; path = MemberListViewController.xib; sourceTree = "<group>"; };
		71F01E6B20362B8D0091CCF2 /* WikiViewController.swift */ = {isa = PBXFileReference; lastKnownFileType = sourcecode.swift; path = WikiViewController.swift; sourceTree = "<group>"; };
		71F01E6C20362B8D0091CCF2 /* WikiViewController.xib */ = {isa = PBXFileReference; lastKnownFileType = file.xib; path = WikiViewController.xib; sourceTree = "<group>"; };
/* End PBXFileReference section */

/* Begin PBXFrameworksBuildPhase section */
		71071D31202CE5030022FBA7 /* Frameworks */ = {
			isa = PBXFrameworksBuildPhase;
			buildActionMask = 2147483647;
			files = (
			);
			runOnlyForDeploymentPostprocessing = 0;
		};
		71071D45202CE5030022FBA7 /* Frameworks */ = {
			isa = PBXFrameworksBuildPhase;
			buildActionMask = 2147483647;
			files = (
			);
			runOnlyForDeploymentPostprocessing = 0;
		};
/* End PBXFrameworksBuildPhase section */

/* Begin PBXGroup section */
		71071D2B202CE5030022FBA7 = {
			isa = PBXGroup;
			children = (
				71071D36202CE5030022FBA7 /* Westeros */,
				71071D4B202CE5030022FBA7 /* WesterosTests */,
				71071D35202CE5030022FBA7 /* Products */,
			);
			sourceTree = "<group>";
		};
		71071D35202CE5030022FBA7 /* Products */ = {
			isa = PBXGroup;
			children = (
				71071D34202CE5030022FBA7 /* Westeros.app */,
				71071D48202CE5030022FBA7 /* WesterosTests.xctest */,
			);
			name = Products;
			sourceTree = "<group>";
		};
		71071D36202CE5030022FBA7 /* Westeros */ = {
			isa = PBXGroup;
			children = (
				7173091220337C2A00893662 /* UIKitExtensions */,
				7176793D20323AB20076445D /* Controllers */,
				71952593202F0A8000C9A91D /* Domain */,
				717679382032391B0076445D /* Assets */,
				71071D37202CE5030022FBA7 /* AppDelegate.swift */,
				71071D3E202CE5030022FBA7 /* Assets.xcassets */,
				71071D40202CE5030022FBA7 /* LaunchScreen.storyboard */,
				71071D43202CE5030022FBA7 /* Info.plist */,
			);
			path = Westeros;
			sourceTree = "<group>";
		};
		71071D4B202CE5030022FBA7 /* WesterosTests */ = {
			isa = PBXGroup;
			children = (
				71071D4C202CE5030022FBA7 /* WesterosTests.swift */,
				71071D4E202CE5030022FBA7 /* Info.plist */,
				71071D57202CF04F0022FBA7 /* HouseTests.swift */,
				71952594202F0D1700C9A91D /* PersonTest.swift */,
				71730917203380A200893662 /* RepositoryTest.swift */,
				714100372041B09600C61945 /* SessionTests.swift */,
			);
			path = WesterosTests;
			sourceTree = "<group>";
		};
		7173091220337C2A00893662 /* UIKitExtensions */ = {
			isa = PBXGroup;
			children = (
				7173091520337CB900893662 /* UIViewController+Additions.swift */,
			);
			path = UIKitExtensions;
			sourceTree = "<group>";
		};
		717679382032391B0076445D /* Assets */ = {
			isa = PBXGroup;
			children = (
				71767934203238B30076445D /* codeIsComing.png */,
				71767932203238B30076445D /* lannister.jpg */,
				71767933203238B30076445D /* targaryenSmall.jpg */,
			);
			path = Assets;
			sourceTree = "<group>";
		};
		7176793D20323AB20076445D /* Controllers */ = {
			isa = PBXGroup;
			children = (
				7176793920323A870076445D /* HouseDetailViewController.swift */,
				7176793A20323A870076445D /* HouseDetailViewController.xib */,
				71F01E6B20362B8D0091CCF2 /* WikiViewController.swift */,
				71F01E6C20362B8D0091CCF2 /* WikiViewController.xib */,
				716260BF203835AC005E52FA /* HouseListViewController.swift */,
				716260C0203835AC005E52FA /* HouseListViewController.xib */,
				71A39503203B626B0038672D /* MemberListViewController.swift */,
				71A39504203B626B0038672D /* MemberListViewController.xib */,
			);
			path = Controllers;
			sourceTree = "<group>";
		};
		71952593202F0A8000C9A91D /* Domain */ = {
			isa = PBXGroup;
			children = (
				71071D59202CF1F30022FBA7 /* House.swift */,
				71952596202F0DCA00C9A91D /* Person.swift */,
				717309192033817100893662 /* Repository.swift */,
			);
			path = Domain;
			sourceTree = "<group>";
		};
/* End PBXGroup section */

/* Begin PBXNativeTarget section */
		71071D33202CE5030022FBA7 /* Westeros */ = {
			isa = PBXNativeTarget;
			buildConfigurationList = 71071D51202CE5030022FBA7 /* Build configuration list for PBXNativeTarget "Westeros" */;
			buildPhases = (
				71071D30202CE5030022FBA7 /* Sources */,
				71071D31202CE5030022FBA7 /* Frameworks */,
				71071D32202CE5030022FBA7 /* Resources */,
			);
			buildRules = (
			);
			dependencies = (
			);
			name = Westeros;
			productName = Westeros;
			productReference = 71071D34202CE5030022FBA7 /* Westeros.app */;
			productType = "com.apple.product-type.application";
		};
		71071D47202CE5030022FBA7 /* WesterosTests */ = {
			isa = PBXNativeTarget;
			buildConfigurationList = 71071D54202CE5030022FBA7 /* Build configuration list for PBXNativeTarget "WesterosTests" */;
			buildPhases = (
				71071D44202CE5030022FBA7 /* Sources */,
				71071D45202CE5030022FBA7 /* Frameworks */,
				71071D46202CE5030022FBA7 /* Resources */,
			);
			buildRules = (
			);
			dependencies = (
				71071D4A202CE5030022FBA7 /* PBXTargetDependency */,
			);
			name = WesterosTests;
			productName = WesterosTests;
			productReference = 71071D48202CE5030022FBA7 /* WesterosTests.xctest */;
			productType = "com.apple.product-type.bundle.unit-test";
		};
/* End PBXNativeTarget section */

/* Begin PBXProject section */
		71071D2C202CE5030022FBA7 /* Project object */ = {
			isa = PBXProject;
			attributes = {
				LastSwiftUpdateCheck = 0920;
				LastUpgradeCheck = 0920;
				ORGANIZATIONNAME = Javi;
				TargetAttributes = {
					71071D33202CE5030022FBA7 = {
						CreatedOnToolsVersion = 9.2;
						ProvisioningStyle = Automatic;
					};
					71071D47202CE5030022FBA7 = {
						CreatedOnToolsVersion = 9.2;
						ProvisioningStyle = Automatic;
						TestTargetID = 71071D33202CE5030022FBA7;
					};
				};
			};
			buildConfigurationList = 71071D2F202CE5030022FBA7 /* Build configuration list for PBXProject "Westeros" */;
			compatibilityVersion = "Xcode 8.0";
			developmentRegion = en;
			hasScannedForEncodings = 0;
			knownRegions = (
				en,
				Base,
			);
			mainGroup = 71071D2B202CE5030022FBA7;
			productRefGroup = 71071D35202CE5030022FBA7 /* Products */;
			projectDirPath = "";
			projectRoot = "";
			targets = (
				71071D33202CE5030022FBA7 /* Westeros */,
				71071D47202CE5030022FBA7 /* WesterosTests */,
			);
		};
/* End PBXProject section */

/* Begin PBXResourcesBuildPhase section */
		71071D32202CE5030022FBA7 /* Resources */ = {
			isa = PBXResourcesBuildPhase;
			buildActionMask = 2147483647;
			files = (
				71767935203238B40076445D /* lannister.jpg in Resources */,
				71F01E6E20362B8D0091CCF2 /* WikiViewController.xib in Resources */,
				71071D42202CE5030022FBA7 /* LaunchScreen.storyboard in Resources */,
				716260C2203835AC005E52FA /* HouseListViewController.xib in Resources */,
				71A39506203B626B0038672D /* MemberListViewController.xib in Resources */,
				7176793C20323A870076445D /* HouseDetailViewController.xib in Resources */,
				71071D3F202CE5030022FBA7 /* Assets.xcassets in Resources */,
				71767937203238B40076445D /* codeIsComing.png in Resources */,
				71767936203238B40076445D /* targaryenSmall.jpg in Resources */,
			);
			runOnlyForDeploymentPostprocessing = 0;
		};
		71071D46202CE5030022FBA7 /* Resources */ = {
			isa = PBXResourcesBuildPhase;
			buildActionMask = 2147483647;
			files = (
			);
			runOnlyForDeploymentPostprocessing = 0;
		};
/* End PBXResourcesBuildPhase section */

/* Begin PBXSourcesBuildPhase section */
		71071D30202CE5030022FBA7 /* Sources */ = {
			isa = PBXSourcesBuildPhase;
			buildActionMask = 2147483647;
			files = (
				7176793B20323A870076445D /* HouseDetailViewController.swift in Sources */,
				71952597202F0DCA00C9A91D /* Person.swift in Sources */,
				71071D5A202CF1F30022FBA7 /* House.swift in Sources */,
				7173091620337CB900893662 /* UIViewController+Additions.swift in Sources */,
				71071D38202CE5030022FBA7 /* AppDelegate.swift in Sources */,
				7173091A2033817100893662 /* Repository.swift in Sources */,
				71F01E6D20362B8D0091CCF2 /* WikiViewController.swift in Sources */,
				716260C1203835AC005E52FA /* HouseListViewController.swift in Sources */,
				71A39505203B626B0038672D /* MemberListViewController.swift in Sources */,
			);
			runOnlyForDeploymentPostprocessing = 0;
		};
		71071D44202CE5030022FBA7 /* Sources */ = {
			isa = PBXSourcesBuildPhase;
			buildActionMask = 2147483647;
			files = (
				71071D58202CF04F0022FBA7 /* HouseTests.swift in Sources */,
				71071D4D202CE5030022FBA7 /* WesterosTests.swift in Sources */,
				71952595202F0D1700C9A91D /* PersonTest.swift in Sources */,
				71730918203380A200893662 /* RepositoryTest.swift in Sources */,
				714100382041B09600C61945 /* SessionTests.swift in Sources */,
			);
			runOnlyForDeploymentPostprocessing = 0;
		};
/* End PBXSourcesBuildPhase section */

/* Begin PBXTargetDependency section */
		71071D4A202CE5030022FBA7 /* PBXTargetDependency */ = {
			isa = PBXTargetDependency;
			target = 71071D33202CE5030022FBA7 /* Westeros */;
			targetProxy = 71071D49202CE5030022FBA7 /* PBXContainerItemProxy */;
		};
/* End PBXTargetDependency section */

/* Begin PBXVariantGroup section */
		71071D40202CE5030022FBA7 /* LaunchScreen.storyboard */ = {
			isa = PBXVariantGroup;
			children = (
				71071D41202CE5030022FBA7 /* Base */,
			);
			name = LaunchScreen.storyboard;
			sourceTree = "<group>";
		};
/* End PBXVariantGroup section */

/* Begin XCBuildConfiguration section */
		71071D4F202CE5030022FBA7 /* Debug */ = {
			isa = XCBuildConfiguration;
			buildSettings = {
				ALWAYS_SEARCH_USER_PATHS = NO;
				CLANG_ANALYZER_NONNULL = YES;
				CLANG_ANALYZER_NUMBER_OBJECT_CONVERSION = YES_AGGRESSIVE;
				CLANG_CXX_LANGUAGE_STANDARD = "gnu++14";
				CLANG_CXX_LIBRARY = "libc++";
				CLANG_ENABLE_MODULES = YES;
				CLANG_ENABLE_OBJC_ARC = YES;
				CLANG_WARN_BLOCK_CAPTURE_AUTORELEASING = YES;
				CLANG_WARN_BOOL_CONVERSION = YES;
				CLANG_WARN_COMMA = YES;
				CLANG_WARN_CONSTANT_CONVERSION = YES;
				CLANG_WARN_DIRECT_OBJC_ISA_USAGE = YES_ERROR;
				CLANG_WARN_DOCUMENTATION_COMMENTS = YES;
				CLANG_WARN_EMPTY_BODY = YES;
				CLANG_WARN_ENUM_CONVERSION = YES;
				CLANG_WARN_INFINITE_RECURSION = YES;
				CLANG_WARN_INT_CONVERSION = YES;
				CLANG_WARN_NON_LITERAL_NULL_CONVERSION = YES;
				CLANG_WARN_OBJC_LITERAL_CONVERSION = YES;
				CLANG_WARN_OBJC_ROOT_CLASS = YES_ERROR;
				CLANG_WARN_RANGE_LOOP_ANALYSIS = YES;
				CLANG_WARN_STRICT_PROTOTYPES = YES;
				CLANG_WARN_SUSPICIOUS_MOVE = YES;
				CLANG_WARN_UNGUARDED_AVAILABILITY = YES_AGGRESSIVE;
				CLANG_WARN_UNREACHABLE_CODE = YES;
				CLANG_WARN__DUPLICATE_METHOD_MATCH = YES;
				CODE_SIGN_IDENTITY = "iPhone Developer";
				COPY_PHASE_STRIP = NO;
				DEBUG_INFORMATION_FORMAT = dwarf;
				ENABLE_STRICT_OBJC_MSGSEND = YES;
				ENABLE_TESTABILITY = YES;
				GCC_C_LANGUAGE_STANDARD = gnu11;
				GCC_DYNAMIC_NO_PIC = NO;
				GCC_NO_COMMON_BLOCKS = YES;
				GCC_OPTIMIZATION_LEVEL = 0;
				GCC_PREPROCESSOR_DEFINITIONS = (
					"DEBUG=1",
					"$(inherited)",
				);
				GCC_WARN_64_TO_32_BIT_CONVERSION = YES;
				GCC_WARN_ABOUT_RETURN_TYPE = YES_ERROR;
				GCC_WARN_UNDECLARED_SELECTOR = YES;
				GCC_WARN_UNINITIALIZED_AUTOS = YES_AGGRESSIVE;
				GCC_WARN_UNUSED_FUNCTION = YES;
				GCC_WARN_UNUSED_VARIABLE = YES;
				IPHONEOS_DEPLOYMENT_TARGET = 11.2;
				MTL_ENABLE_DEBUG_INFO = YES;
				ONLY_ACTIVE_ARCH = YES;
				SDKROOT = iphoneos;
				SWIFT_ACTIVE_COMPILATION_CONDITIONS = DEBUG;
				SWIFT_OPTIMIZATION_LEVEL = "-Onone";
			};
			name = Debug;
		};
		71071D50202CE5030022FBA7 /* Release */ = {
			isa = XCBuildConfiguration;
			buildSettings = {
				ALWAYS_SEARCH_USER_PATHS = NO;
				CLANG_ANALYZER_NONNULL = YES;
				CLANG_ANALYZER_NUMBER_OBJECT_CONVERSION = YES_AGGRESSIVE;
				CLANG_CXX_LANGUAGE_STANDARD = "gnu++14";
				CLANG_CXX_LIBRARY = "libc++";
				CLANG_ENABLE_MODULES = YES;
				CLANG_ENABLE_OBJC_ARC = YES;
				CLANG_WARN_BLOCK_CAPTURE_AUTORELEASING = YES;
				CLANG_WARN_BOOL_CONVERSION = YES;
				CLANG_WARN_COMMA = YES;
				CLANG_WARN_CONSTANT_CONVERSION = YES;
				CLANG_WARN_DIRECT_OBJC_ISA_USAGE = YES_ERROR;
				CLANG_WARN_DOCUMENTATION_COMMENTS = YES;
				CLANG_WARN_EMPTY_BODY = YES;
				CLANG_WARN_ENUM_CONVERSION = YES;
				CLANG_WARN_INFINITE_RECURSION = YES;
				CLANG_WARN_INT_CONVERSION = YES;
				CLANG_WARN_NON_LITERAL_NULL_CONVERSION = YES;
				CLANG_WARN_OBJC_LITERAL_CONVERSION = YES;
				CLANG_WARN_OBJC_ROOT_CLASS = YES_ERROR;
				CLANG_WARN_RANGE_LOOP_ANALYSIS = YES;
				CLANG_WARN_STRICT_PROTOTYPES = YES;
				CLANG_WARN_SUSPICIOUS_MOVE = YES;
				CLANG_WARN_UNGUARDED_AVAILABILITY = YES_AGGRESSIVE;
				CLANG_WARN_UNREACHABLE_CODE = YES;
				CLANG_WARN__DUPLICATE_METHOD_MATCH = YES;
				CODE_SIGN_IDENTITY = "iPhone Developer";
				COPY_PHASE_STRIP = NO;
				DEBUG_INFORMATION_FORMAT = "dwarf-with-dsym";
				ENABLE_NS_ASSERTIONS = NO;
				ENABLE_STRICT_OBJC_MSGSEND = YES;
				GCC_C_LANGUAGE_STANDARD = gnu11;
				GCC_NO_COMMON_BLOCKS = YES;
				GCC_WARN_64_TO_32_BIT_CONVERSION = YES;
				GCC_WARN_ABOUT_RETURN_TYPE = YES_ERROR;
				GCC_WARN_UNDECLARED_SELECTOR = YES;
				GCC_WARN_UNINITIALIZED_AUTOS = YES_AGGRESSIVE;
				GCC_WARN_UNUSED_FUNCTION = YES;
				GCC_WARN_UNUSED_VARIABLE = YES;
				IPHONEOS_DEPLOYMENT_TARGET = 11.2;
				MTL_ENABLE_DEBUG_INFO = NO;
				SDKROOT = iphoneos;
				SWIFT_OPTIMIZATION_LEVEL = "-Owholemodule";
				VALIDATE_PRODUCT = YES;
			};
			name = Release;
		};
		71071D52202CE5030022FBA7 /* Debug */ = {
			isa = XCBuildConfiguration;
			buildSettings = {
				ASSETCATALOG_COMPILER_APPICON_NAME = AppIcon;
				CODE_SIGN_STYLE = Automatic;
				DEVELOPMENT_TEAM = FXQWALG7L9;
				INFOPLIST_FILE = Westeros/Info.plist;
				LD_RUNPATH_SEARCH_PATHS = "$(inherited) @executable_path/Frameworks";
				PRODUCT_BUNDLE_IDENTIFIER = com.ademlo.Westeros;
				PRODUCT_NAME = "$(TARGET_NAME)";
				SWIFT_VERSION = 4.0;
				TARGETED_DEVICE_FAMILY = "1,2";
			};
			name = Debug;
		};
		71071D53202CE5030022FBA7 /* Release */ = {
			isa = XCBuildConfiguration;
			buildSettings = {
				ASSETCATALOG_COMPILER_APPICON_NAME = AppIcon;
				CODE_SIGN_STYLE = Automatic;
				DEVELOPMENT_TEAM = FXQWALG7L9;
				INFOPLIST_FILE = Westeros/Info.plist;
				LD_RUNPATH_SEARCH_PATHS = "$(inherited) @executable_path/Frameworks";
				PRODUCT_BUNDLE_IDENTIFIER = com.ademlo.Westeros;
				PRODUCT_NAME = "$(TARGET_NAME)";
				SWIFT_VERSION = 4.0;
				TARGETED_DEVICE_FAMILY = "1,2";
			};
			name = Release;
		};
		71071D55202CE5030022FBA7 /* Debug */ = {
			isa = XCBuildConfiguration;
			buildSettings = {
				ALWAYS_EMBED_SWIFT_STANDARD_LIBRARIES = YES;
				BUNDLE_LOADER = "$(TEST_HOST)";
				CODE_SIGN_STYLE = Automatic;
				DEVELOPMENT_TEAM = FXQWALG7L9;
				INFOPLIST_FILE = WesterosTests/Info.plist;
				LD_RUNPATH_SEARCH_PATHS = "$(inherited) @executable_path/Frameworks @loader_path/Frameworks";
				PRODUCT_BUNDLE_IDENTIFIER = com.ademlo.WesterosTests;
				PRODUCT_NAME = "$(TARGET_NAME)";
				SWIFT_VERSION = 4.0;
				TARGETED_DEVICE_FAMILY = "1,2";
				TEST_HOST = "$(BUILT_PRODUCTS_DIR)/Westeros.app/Westeros";
			};
			name = Debug;
		};
		71071D56202CE5030022FBA7 /* Release */ = {
			isa = XCBuildConfiguration;
			buildSettings = {
				ALWAYS_EMBED_SWIFT_STANDARD_LIBRARIES = YES;
				BUNDLE_LOADER = "$(TEST_HOST)";
				CODE_SIGN_STYLE = Automatic;
				DEVELOPMENT_TEAM = FXQWALG7L9;
				INFOPLIST_FILE = WesterosTests/Info.plist;
				LD_RUNPATH_SEARCH_PATHS = "$(inherited) @executable_path/Frameworks @loader_path/Frameworks";
				PRODUCT_BUNDLE_IDENTIFIER = com.ademlo.WesterosTests;
				PRODUCT_NAME = "$(TARGET_NAME)";
				SWIFT_VERSION = 4.0;
				TARGETED_DEVICE_FAMILY = "1,2";
				TEST_HOST = "$(BUILT_PRODUCTS_DIR)/Westeros.app/Westeros";
			};
			name = Release;
		};
/* End XCBuildConfiguration section */

/* Begin XCConfigurationList section */
		71071D2F202CE5030022FBA7 /* Build configuration list for PBXProject "Westeros" */ = {
			isa = XCConfigurationList;
			buildConfigurations = (
				71071D4F202CE5030022FBA7 /* Debug */,
				71071D50202CE5030022FBA7 /* Release */,
			);
			defaultConfigurationIsVisible = 0;
			defaultConfigurationName = Release;
		};
		71071D51202CE5030022FBA7 /* Build configuration list for PBXNativeTarget "Westeros" */ = {
			isa = XCConfigurationList;
			buildConfigurations = (
				71071D52202CE5030022FBA7 /* Debug */,
				71071D53202CE5030022FBA7 /* Release */,
			);
			defaultConfigurationIsVisible = 0;
			defaultConfigurationName = Release;
		};
		71071D54202CE5030022FBA7 /* Build configuration list for PBXNativeTarget "WesterosTests" */ = {
			isa = XCConfigurationList;
			buildConfigurations = (
				71071D55202CE5030022FBA7 /* Debug */,
				71071D56202CE5030022FBA7 /* Release */,
			);
			defaultConfigurationIsVisible = 0;
			defaultConfigurationName = Release;
		};
/* End XCConfigurationList section */
	};
	rootObject = 71071D2C202CE5030022FBA7 /* Project object */;
}
